
Microsoft Visual Studio Solution File, Format Version 12.00
# Visual Studio Version 17
VisualStudioVersion = 17.11.35222.181
MinimumVisualStudioVersion = 10.0.40219.1
Project("{9A19103F-16F7-4668-BE54-9A1E7A4F7556}") = "HvP.examify_take_exam.service", "src\HvP.examify_take_exam.service\HvP.examify_take_exam.service.csproj", "{7540C567-1CF4-4233-9654-2AD3FD1AF1E1}"
EndProject
Project("{FAE04EC0-301F-11D3-BF4B-00C04F79EFBC}") = "HvP.examify_take_exam.DB", "HvP.examify_take_exam.DB\HvP.examify_take_exam.DB.csproj", "{D7BBFAC1-8457-44A6-8D6A-5131A1DDE4D6}"
EndProject
Global
	GlobalSection(SolutionConfigurationPlatforms) = preSolution
		Debug|Any CPU = Debug|Any CPU
		Release|Any CPU = Release|Any CPU
	EndGlobalSection
	GlobalSection(ProjectConfigurationPlatforms) = postSolution
		{7540C567-1CF4-4233-9654-2AD3FD1AF1E1}.Debug|Any CPU.ActiveCfg = Debug|Any CPU
		{7540C567-1CF4-4233-9654-2AD3FD1AF1E1}.Debug|Any CPU.Build.0 = Debug|Any CPU
		{7540C567-1CF4-4233-9654-2AD3FD1AF1E1}.Release|Any CPU.ActiveCfg = Release|Any CPU
		{7540C567-1CF4-4233-9654-2AD3FD1AF1E1}.Release|Any CPU.Build.0 = Release|Any CPU
		{D7BBFAC1-8457-44A6-8D6A-5131A1DDE4D6}.Debug|Any CPU.ActiveCfg = Debug|Any CPU
		{D7BBFAC1-8457-44A6-8D6A-5131A1DDE4D6}.Debug|Any CPU.Build.0 = Debug|Any CPU
		{D7BBFAC1-8457-44A6-8D6A-5131A1DDE4D6}.Release|Any CPU.ActiveCfg = Release|Any CPU
		{D7BBFAC1-8457-44A6-8D6A-5131A1DDE4D6}.Release|Any CPU.Build.0 = Release|Any CPU
	EndGlobalSection
	GlobalSection(SolutionProperties) = preSolution
		HideSolutionNode = FALSE
	EndGlobalSection
	GlobalSection(ExtensibilityGlobals) = postSolution
		SolutionGuid = {A9188C13-BF08-4461-9A95-25CA1CD8B040}
	EndGlobalSection
EndGlobal
